
Microsoft Visual Studio Solution File, Format Version 12.00
# Visual Studio Version 17
VisualStudioVersion = 17.3.32825.248
MinimumVisualStudioVersion = 10.0.40219.1
Project("{FAE04EC0-301F-11D3-BF4B-00C04F79EFBC}") = "Patrones.FactoryMethod", "Patrones.FactoryMethod\Patrones.FactoryMethod.csproj", "{09ED8AC8-74F3-4A5C-9B69-73DE3147D90D}"
EndProject
Project("{FAE04EC0-301F-11D3-BF4B-00C04F79EFBC}") = "Patrones.AbstractFactory", "Patrones.AbstractFactory\Patrones.AbstractFactory.csproj", "{0391C906-D5A4-4E58-8560-142C86AC3B8E}"
EndProject
Project("{FAE04EC0-301F-11D3-BF4B-00C04F79EFBC}") = "Patrones.Composite", "Patrones.Composite\Patrones.Composite.csproj", "{B52796BB-76AF-47F9-9D28-F288B92D9B49}"
EndProject
Project("{FAE04EC0-301F-11D3-BF4B-00C04F79EFBC}") = "Patrones.Observer", "Patron.Observer\Patrones.Observer.csproj", "{4203C694-BFF8-441B-81DE-2251728B717A}"
EndProject
Project("{FAE04EC0-301F-11D3-BF4B-00C04F79EFBC}") = "Patrones.Adapter", "Patrones.Adapter\Patrones.Adapter.csproj", "{799040E4-291F-4FBA-B784-5FA067A0EEEF}"
EndProject
Project("{FAE04EC0-301F-11D3-BF4B-00C04F79EFBC}") = "Patrones.Decorator", "Patrones.Decorator\Patrones.Decorator.csproj", "{E1C2D4CE-3925-4F66-8112-0DFDB2E12414}"
EndProject
Project("{FAE04EC0-301F-11D3-BF4B-00C04F79EFBC}") = "Patrones.Memento", "Patrones.Memento\Patrones.Memento.csproj", "{140FDA90-0B70-42C3-93BD-4E0EC910CCB1}"
EndProject
Project("{FAE04EC0-301F-11D3-BF4B-00C04F79EFBC}") = "Patrones.Prototype", "Patrones.Prototype\Patrones.Prototype.csproj", "{2992EDF3-1028-4232-8189-2144AAF5B4CF}"
EndProject
Global
	GlobalSection(SolutionConfigurationPlatforms) = preSolution
		Debug|Any CPU = Debug|Any CPU
		Release|Any CPU = Release|Any CPU
	EndGlobalSection
	GlobalSection(ProjectConfigurationPlatforms) = postSolution
		{09ED8AC8-74F3-4A5C-9B69-73DE3147D90D}.Debug|Any CPU.ActiveCfg = Debug|Any CPU
		{09ED8AC8-74F3-4A5C-9B69-73DE3147D90D}.Debug|Any CPU.Build.0 = Debug|Any CPU
		{09ED8AC8-74F3-4A5C-9B69-73DE3147D90D}.Release|Any CPU.ActiveCfg = Release|Any CPU
		{09ED8AC8-74F3-4A5C-9B69-73DE3147D90D}.Release|Any CPU.Build.0 = Release|Any CPU
		{0391C906-D5A4-4E58-8560-142C86AC3B8E}.Debug|Any CPU.ActiveCfg = Debug|Any CPU
		{0391C906-D5A4-4E58-8560-142C86AC3B8E}.Debug|Any CPU.Build.0 = Debug|Any CPU
		{0391C906-D5A4-4E58-8560-142C86AC3B8E}.Release|Any CPU.ActiveCfg = Release|Any CPU
		{0391C906-D5A4-4E58-8560-142C86AC3B8E}.Release|Any CPU.Build.0 = Release|Any CPU
		{B52796BB-76AF-47F9-9D28-F288B92D9B49}.Debug|Any CPU.ActiveCfg = Debug|Any CPU
		{B52796BB-76AF-47F9-9D28-F288B92D9B49}.Debug|Any CPU.Build.0 = Debug|Any CPU
		{B52796BB-76AF-47F9-9D28-F288B92D9B49}.Release|Any CPU.ActiveCfg = Release|Any CPU
		{B52796BB-76AF-47F9-9D28-F288B92D9B49}.Release|Any CPU.Build.0 = Release|Any CPU
		{4203C694-BFF8-441B-81DE-2251728B717A}.Debug|Any CPU.ActiveCfg = Debug|Any CPU
		{4203C694-BFF8-441B-81DE-2251728B717A}.Debug|Any CPU.Build.0 = Debug|Any CPU
		{4203C694-BFF8-441B-81DE-2251728B717A}.Release|Any CPU.ActiveCfg = Release|Any CPU
		{4203C694-BFF8-441B-81DE-2251728B717A}.Release|Any CPU.Build.0 = Release|Any CPU
		{799040E4-291F-4FBA-B784-5FA067A0EEEF}.Debug|Any CPU.ActiveCfg = Debug|Any CPU
		{799040E4-291F-4FBA-B784-5FA067A0EEEF}.Debug|Any CPU.Build.0 = Debug|Any CPU
		{799040E4-291F-4FBA-B784-5FA067A0EEEF}.Release|Any CPU.ActiveCfg = Release|Any CPU
		{799040E4-291F-4FBA-B784-5FA067A0EEEF}.Release|Any CPU.Build.0 = Release|Any CPU
		{E1C2D4CE-3925-4F66-8112-0DFDB2E12414}.Debug|Any CPU.ActiveCfg = Debug|Any CPU
		{E1C2D4CE-3925-4F66-8112-0DFDB2E12414}.Debug|Any CPU.Build.0 = Debug|Any CPU
		{E1C2D4CE-3925-4F66-8112-0DFDB2E12414}.Release|Any CPU.ActiveCfg = Release|Any CPU
		{E1C2D4CE-3925-4F66-8112-0DFDB2E12414}.Release|Any CPU.Build.0 = Release|Any CPU
		{140FDA90-0B70-42C3-93BD-4E0EC910CCB1}.Debug|Any CPU.ActiveCfg = Debug|Any CPU
		{140FDA90-0B70-42C3-93BD-4E0EC910CCB1}.Debug|Any CPU.Build.0 = Debug|Any CPU
		{140FDA90-0B70-42C3-93BD-4E0EC910CCB1}.Release|Any CPU.ActiveCfg = Release|Any CPU
		{140FDA90-0B70-42C3-93BD-4E0EC910CCB1}.Release|Any CPU.Build.0 = Release|Any CPU
		{2992EDF3-1028-4232-8189-2144AAF5B4CF}.Debug|Any CPU.ActiveCfg = Debug|Any CPU
		{2992EDF3-1028-4232-8189-2144AAF5B4CF}.Debug|Any CPU.Build.0 = Debug|Any CPU
		{2992EDF3-1028-4232-8189-2144AAF5B4CF}.Release|Any CPU.ActiveCfg = Release|Any CPU
		{2992EDF3-1028-4232-8189-2144AAF5B4CF}.Release|Any CPU.Build.0 = Release|Any CPU
	EndGlobalSection
	GlobalSection(SolutionProperties) = preSolution
		HideSolutionNode = FALSE
	EndGlobalSection
	GlobalSection(ExtensibilityGlobals) = postSolution
		SolutionGuid = {6B88D6F6-0A0D-4CAA-8274-DA0DFF8C8CD8}
	EndGlobalSection
EndGlobal
